
Microsoft Visual Studio Solution File, Format Version 12.00
# Visual Studio Version 17
VisualStudioVersion = 17.6.33801.468
MinimumVisualStudioVersion = 10.0.40219.1
Project("{FAE04EC0-301F-11D3-BF4B-00C04F79EFBC}") = "Lista", "Lista\Lista.csproj", "{AA4CFED1-49F0-4A53-AABC-BDDD4FDE709A}"
EndProject
Global
	GlobalSection(SolutionConfigurationPlatforms) = preSolution
		Debug|Any CPU = Debug|Any CPU
		Release|Any CPU = Release|Any CPU
	EndGlobalSection
	GlobalSection(ProjectConfigurationPlatforms) = postSolution
		{AA4CFED1-49F0-4A53-AABC-BDDD4FDE709A}.Debug|Any CPU.ActiveCfg = Debug|Any CPU
		{AA4CFED1-49F0-4A53-AABC-BDDD4FDE709A}.Debug|Any CPU.Build.0 = Debug|Any CPU
		{AA4CFED1-49F0-4A53-AABC-BDDD4FDE709A}.Release|Any CPU.ActiveCfg = Release|Any CPU
		{AA4CFED1-49F0-4A53-AABC-BDDD4FDE709A}.Release|Any CPU.Build.0 = Release|Any CPU
	EndGlobalSection
	GlobalSection(SolutionProperties) = preSolution
		HideSolutionNode = FALSE
	EndGlobalSection
	GlobalSection(ExtensibilityGlobals) = postSolution
		SolutionGuid = {A0006485-041C-476E-BC1A-ECD7ACE74618}
	EndGlobalSection
EndGlobal
